<?xml version="1.0" encoding="utf-8"?>
<Project ToolsVersion="4.0" xmlns="http://schemas.microsoft.com/developer/msbuild/2003">
  <ItemGroup>
    <Filter Include="Source Files">
      <UniqueIdentifier>{4FC737F1-C7A5-4376-A066-2A32D752A2FF}</UniqueIdentifier>
      <Extensions>cpp;c;cc;cxx;def;odl;idl;hpj;bat;asm;asmx</Extensions>
    </Filter>
    <Filter Include="Header Files">
      <UniqueIdentifier>{93995380-89BD-4b04-88EB-625FBE52EBFB}</UniqueIdentifier>
      <Extensions>h;hh;hpp;hxx;hm;inl;inc;ipp;xsd</Extensions>
    </Filter>
    <Filter Include="Resource Files">
      <UniqueIdentifier>{67DA6AB6-F800-4c08-8B7A-83BB121AAD01}</UniqueIdentifier>
      <Extensions>rc;ico;cur;bmp;dlg;rc2;rct;bin;rgs;gif;jpg;jpeg;jpe;resx;tiff;tif;png;wav;mfcribbon-ms</Extensions>
    </Filter>
    <Filter Include="Labels">
      <UniqueIdentifier>{eeb733b7-828f-4c8d-93a5-ceff5079b6c7}</UniqueIdentifier>
    </Filter>
  </ItemGroup>
  <ItemGroup>
    <ClCompile Include="Bl2ModelConverter.cpp">
      <Filter>Source Files</Filter>
    </ClCompile>
    <ClCompile Include="trb2.cpp">
      <Filter>Source Files</Filter>
    </ClCompile>
    <ClCompile Include="Reader.cpp">
      <Filter>Source Files</Filter>
    </ClCompile>
    <ClCompile Include="FbxHelper.cpp">
      <Filter>Source Files</Filter>
    </ClCompile>
    <ClCompile Include="TrbHeader.cpp">
      <Filter>Source Files</Filter>
    </ClCompile>
    <ClCompile Include="PMDL.cpp">
      <Filter>Source Files</Filter>
    </ClCompile>
    <ClCompile Include="RelocationData.cpp">
      <Filter>Source Files</Filter>
    </ClCompile>
    <ClCompile Include="PTEX.cpp">
      <Filter>Source Files</Filter>
    </ClCompile>
    <ClCompile Include="LocaleStringsForm.cpp">
      <Filter>Source Files</Filter>
    </ClCompile>
    <ClCompile Include="StringOffset.cpp">
      <Filter>Source Files</Filter>
    </ClCompile>
    <ClCompile Include="Entities.cpp">
      <Filter>Header Files</Filter>
    </ClCompile>
  </ItemGroup>
  <ItemGroup>
    <ClInclude Include="Bl2ModelConverter.h">
      <Filter>Header Files</Filter>
    </ClInclude>
    <ClInclude Include="..\..\TrbModelConverter\TrbModelConverter\umHalf.h">
      <Filter>Header Files</Filter>
    </ClInclude>
    <ClInclude Include="trb2.h">
      <Filter>Header Files</Filter>
    </ClInclude>
    <ClInclude Include="Reader.h">
      <Filter>Header Files</Filter>
    </ClInclude>
    <ClInclude Include="resource.h">
      <Filter>Header Files</Filter>
    </ClInclude>
    <ClInclude Include="FbxHelper.h">
      <Filter>Header Files</Filter>
    </ClInclude>
    <ClInclude Include="TrbHeader.h">
      <Filter>Header Files</Filter>
    </ClInclude>
    <ClInclude Include="PMDL.h">
      <Filter>Header Files</Filter>
    </ClInclude>
    <ClInclude Include="RelocationData.h">
      <Filter>Header Files</Filter>
    </ClInclude>
    <ClInclude Include="Symbol.h">
      <Filter>Header Files</Filter>
    </ClInclude>
    <ClInclude Include="PTEX.h">
      <Filter>Header Files</Filter>
    </ClInclude>
    <ClInclude Include="LocaleStringsForm.h">
      <Filter>Header Files</Filter>
    </ClInclude>
    <ClInclude Include="DataOffset.hpp">
      <Filter>Header Files</Filter>
    </ClInclude>
    <ClInclude Include="StringOffset.h">
      <Filter>Header Files</Filter>
    </ClInclude>
    <ClInclude Include="Endian.h">
      <Filter>Header Files</Filter>
    </ClInclude>
    <ClInclude Include="Entities.h">
      <Filter>Header Files</Filter>
    </ClInclude>
  </ItemGroup>
  <ItemGroup>
    <None Include="..\..\TrbModelConverter\TrbModelConverter\umHalf.inl">
      <Filter>Header Files</Filter>
    </None>
  </ItemGroup>
  <ItemGroup>
    <ResourceCompile Include="Bl2ModelConverter.rc">
      <Filter>Resource Files</Filter>
    </ResourceCompile>
  </ItemGroup>
</Project>